
Microsoft Visual Studio Solution File, Format Version 12.00
# Visual Studio Version 17
VisualStudioVersion = 17.5.33516.290
MinimumVisualStudioVersion = 10.0.40219.1
Project("{FAE04EC0-301F-11D3-BF4B-00C04F79EFBC}") = "ImprimirEnImpresoraTermica", "ImprimirEnImpresoraTermica\ImprimirEnImpresoraTermica.csproj", "{FC29D96D-B574-416B-9251-9C9967EEFC66}"
EndProject
Global
	GlobalSection(SolutionConfigurationPlatforms) = preSolution
		Debug|Any CPU = Debug|Any CPU
		Release|Any CPU = Release|Any CPU
	EndGlobalSection
	GlobalSection(ProjectConfigurationPlatforms) = postSolution
		{FC29D96D-B574-416B-9251-9C9967EEFC66}.Debug|Any CPU.ActiveCfg = Debug|Any CPU
		{FC29D96D-B574-416B-9251-9C9967EEFC66}.Debug|Any CPU.Build.0 = Debug|Any CPU
		{FC29D96D-B574-416B-9251-9C9967EEFC66}.Release|Any CPU.ActiveCfg = Release|Any CPU
		{FC29D96D-B574-416B-9251-9C9967EEFC66}.Release|Any CPU.Build.0 = Release|Any CPU
	EndGlobalSection
	GlobalSection(SolutionProperties) = preSolution
		HideSolutionNode = FALSE
	EndGlobalSection
	GlobalSection(ExtensibilityGlobals) = postSolution
		SolutionGuid = {5AD5D177-0B42-469B-88CC-E25043A76C38}
	EndGlobalSection
EndGlobal
